
Microsoft Visual Studio Solution File, Format Version 12.00
# Visual Studio Version 16
VisualStudioVersion = 16.0.29215.179
MinimumVisualStudioVersion = 10.0.40219.1
Project("{FAE04EC0-301F-11D3-BF4B-00C04F79EFBC}") = "Juego LOTEREST", "Juego LOTEREST\Juego LOTEREST.csproj", "{523C09F7-6C56-479A-A19A-F7DAE863331D}"
EndProject
Project("{2150E333-8FDC-42A3-9474-1A3956D46DE8}") = "WfcChat", "WfcChat", "{30EA8A04-2E13-45E9-89BA-567B16EDA61D}"
EndProject
Project("{FAE04EC0-301F-11D3-BF4B-00C04F79EFBC}") = "WcfChat", "..\..\..\Desktop\wcfsimplechat\WcfChat\WcfChat.csproj", "{063B6494-D6C4-4EDD-A7B0-C08E5DFF674D}"
EndProject
Project("{2150E333-8FDC-42A3-9474-1A3956D46DE8}") = "ChatServer", "ChatServer", "{959F917F-F8EC-481C-8736-8B978DEBB405}"
EndProject
Project("{FAE04EC0-301F-11D3-BF4B-00C04F79EFBC}") = "ChatServer", "..\..\..\Desktop\wcfsimplechat\ChatServer\ChatServer.csproj", "{A7EB1212-9204-4B23-9014-B745356147A6}"
EndProject
Project("{2150E333-8FDC-42A3-9474-1A3956D46DE8}") = "ChatClient", "ChatClient", "{421007A5-CE8A-4A73-9BFE-053BF8339EF3}"
EndProject
Project("{FAE04EC0-301F-11D3-BF4B-00C04F79EFBC}") = "ChatClient", "..\..\..\Desktop\wcfsimplechat\ChatClient\ChatClient.csproj", "{DD8CB92D-E86E-4ADC-80E3-184E6B88EF3B}"
EndProject
Global
	GlobalSection(SolutionConfigurationPlatforms) = preSolution
		Debug|Any CPU = Debug|Any CPU
		Debug|x86 = Debug|x86
		Release|Any CPU = Release|Any CPU
		Release|x86 = Release|x86
	EndGlobalSection
	GlobalSection(ProjectConfigurationPlatforms) = postSolution
		{523C09F7-6C56-479A-A19A-F7DAE863331D}.Debug|Any CPU.ActiveCfg = Debug|Any CPU
		{523C09F7-6C56-479A-A19A-F7DAE863331D}.Debug|Any CPU.Build.0 = Debug|Any CPU
		{523C09F7-6C56-479A-A19A-F7DAE863331D}.Debug|x86.ActiveCfg = Debug|Any CPU
		{523C09F7-6C56-479A-A19A-F7DAE863331D}.Debug|x86.Build.0 = Debug|Any CPU
		{523C09F7-6C56-479A-A19A-F7DAE863331D}.Release|Any CPU.ActiveCfg = Release|Any CPU
		{523C09F7-6C56-479A-A19A-F7DAE863331D}.Release|Any CPU.Build.0 = Release|Any CPU
		{523C09F7-6C56-479A-A19A-F7DAE863331D}.Release|x86.ActiveCfg = Release|Any CPU
		{523C09F7-6C56-479A-A19A-F7DAE863331D}.Release|x86.Build.0 = Release|Any CPU
		{063B6494-D6C4-4EDD-A7B0-C08E5DFF674D}.Debug|Any CPU.ActiveCfg = Debug|Any CPU
		{063B6494-D6C4-4EDD-A7B0-C08E5DFF674D}.Debug|Any CPU.Build.0 = Debug|Any CPU
		{063B6494-D6C4-4EDD-A7B0-C08E5DFF674D}.Debug|x86.ActiveCfg = Debug|Any CPU
		{063B6494-D6C4-4EDD-A7B0-C08E5DFF674D}.Debug|x86.Build.0 = Debug|Any CPU
		{063B6494-D6C4-4EDD-A7B0-C08E5DFF674D}.Release|Any CPU.ActiveCfg = Release|Any CPU
		{063B6494-D6C4-4EDD-A7B0-C08E5DFF674D}.Release|Any CPU.Build.0 = Release|Any CPU
		{063B6494-D6C4-4EDD-A7B0-C08E5DFF674D}.Release|x86.ActiveCfg = Release|Any CPU
		{063B6494-D6C4-4EDD-A7B0-C08E5DFF674D}.Release|x86.Build.0 = Release|Any CPU
		{A7EB1212-9204-4B23-9014-B745356147A6}.Debug|Any CPU.ActiveCfg = Debug|x86
		{A7EB1212-9204-4B23-9014-B745356147A6}.Debug|x86.ActiveCfg = Debug|x86
		{A7EB1212-9204-4B23-9014-B745356147A6}.Debug|x86.Build.0 = Debug|x86
		{A7EB1212-9204-4B23-9014-B745356147A6}.Release|Any CPU.ActiveCfg = Release|x86
		{A7EB1212-9204-4B23-9014-B745356147A6}.Release|x86.ActiveCfg = Release|x86
		{A7EB1212-9204-4B23-9014-B745356147A6}.Release|x86.Build.0 = Release|x86
		{DD8CB92D-E86E-4ADC-80E3-184E6B88EF3B}.Debug|Any CPU.ActiveCfg = Debug|x86
		{DD8CB92D-E86E-4ADC-80E3-184E6B88EF3B}.Debug|x86.ActiveCfg = Debug|x86
		{DD8CB92D-E86E-4ADC-80E3-184E6B88EF3B}.Debug|x86.Build.0 = Debug|x86
		{DD8CB92D-E86E-4ADC-80E3-184E6B88EF3B}.Release|Any CPU.ActiveCfg = Release|x86
		{DD8CB92D-E86E-4ADC-80E3-184E6B88EF3B}.Release|x86.ActiveCfg = Release|x86
		{DD8CB92D-E86E-4ADC-80E3-184E6B88EF3B}.Release|x86.Build.0 = Release|x86
	EndGlobalSection
	GlobalSection(SolutionProperties) = preSolution
		HideSolutionNode = FALSE
	EndGlobalSection
	GlobalSection(NestedProjects) = preSolution
		{063B6494-D6C4-4EDD-A7B0-C08E5DFF674D} = {30EA8A04-2E13-45E9-89BA-567B16EDA61D}
		{A7EB1212-9204-4B23-9014-B745356147A6} = {959F917F-F8EC-481C-8736-8B978DEBB405}
		{DD8CB92D-E86E-4ADC-80E3-184E6B88EF3B} = {421007A5-CE8A-4A73-9BFE-053BF8339EF3}
	EndGlobalSection
	GlobalSection(ExtensibilityGlobals) = postSolution
		SolutionGuid = {48990319-AEAC-4E92-940E-8E9048B3D8F3}
	EndGlobalSection
EndGlobal
